// !$*UTF8*$!
{
	archiveVersion = 1;
	classes = {
	};
	objectVersion = 50;
	objects = {

/* Begin PBXBuildFile section */
		4B02557D21BF5E8C0041615C /* Roboto-BoldItalic.ttf in Resources */ = {isa = PBXBuildFile; fileRef = 4B02557121BF5E890041615C /* Roboto-BoldItalic.ttf */; };
		4B02557E21BF5E8C0041615C /* Roboto-BoldItalic.ttf in Resources */ = {isa = PBXBuildFile; fileRef = 4B02557121BF5E890041615C /* Roboto-BoldItalic.ttf */; };
		4B02557F21BF5E8C0041615C /* Roboto-BoldItalic.ttf in Resources */ = {isa = PBXBuildFile; fileRef = 4B02557121BF5E890041615C /* Roboto-BoldItalic.ttf */; };
		4B02558021BF5E8C0041615C /* Roboto-Black.ttf in Resources */ = {isa = PBXBuildFile; fileRef = 4B02557221BF5E890041615C /* Roboto-Black.ttf */; };
		4B02558121BF5E8C0041615C /* Roboto-Black.ttf in Resources */ = {isa = PBXBuildFile; fileRef = 4B02557221BF5E890041615C /* Roboto-Black.ttf */; };
		4B02558221BF5E8C0041615C /* Roboto-Black.ttf in Resources */ = {isa = PBXBuildFile; fileRef = 4B02557221BF5E890041615C /* Roboto-Black.ttf */; };
		4B02558321BF5E8C0041615C /* Roboto-Bold.ttf in Resources */ = {isa = PBXBuildFile; fileRef = 4B02557321BF5E890041615C /* Roboto-Bold.ttf */; };
		4B02558421BF5E8C0041615C /* Roboto-Bold.ttf in Resources */ = {isa = PBXBuildFile; fileRef = 4B02557321BF5E890041615C /* Roboto-Bold.ttf */; };
		4B02558521BF5E8C0041615C /* Roboto-Bold.ttf in Resources */ = {isa = PBXBuildFile; fileRef = 4B02557321BF5E890041615C /* Roboto-Bold.ttf */; };
		4B02558621BF5E8C0041615C /* Roboto-BlackItalic.ttf in Resources */ = {isa = PBXBuildFile; fileRef = 4B02557421BF5E890041615C /* Roboto-BlackItalic.ttf */; };
		4B02558721BF5E8C0041615C /* Roboto-BlackItalic.ttf in Resources */ = {isa = PBXBuildFile; fileRef = 4B02557421BF5E890041615C /* Roboto-BlackItalic.ttf */; };
		4B02558821BF5E8C0041615C /* Roboto-BlackItalic.ttf in Resources */ = {isa = PBXBuildFile; fileRef = 4B02557421BF5E890041615C /* Roboto-BlackItalic.ttf */; };
		4B02558921BF5E8C0041615C /* Roboto-MediumItalic.ttf in Resources */ = {isa = PBXBuildFile; fileRef = 4B02557521BF5E8A0041615C /* Roboto-MediumItalic.ttf */; };
		4B02558A21BF5E8C0041615C /* Roboto-MediumItalic.ttf in Resources */ = {isa = PBXBuildFile; fileRef = 4B02557521BF5E8A0041615C /* Roboto-MediumItalic.ttf */; };
		4B02558B21BF5E8C0041615C /* Roboto-MediumItalic.ttf in Resources */ = {isa = PBXBuildFile; fileRef = 4B02557521BF5E8A0041615C /* Roboto-MediumItalic.ttf */; };
		4B02558C21BF5E8C0041615C /* Roboto-LightItalic.ttf in Resources */ = {isa = PBXBuildFile; fileRef = 4B02557621BF5E8A0041615C /* Roboto-LightItalic.ttf */; };
		4B02558D21BF5E8C0041615C /* Roboto-LightItalic.ttf in Resources */ = {isa = PBXBuildFile; fileRef = 4B02557621BF5E8A0041615C /* Roboto-LightItalic.ttf */; };
		4B02558E21BF5E8C0041615C /* Roboto-LightItalic.ttf in Resources */ = {isa = PBXBuildFile; fileRef = 4B02557621BF5E8A0041615C /* Roboto-LightItalic.ttf */; };
		4B02558F21BF5E8C0041615C /* Roboto-Medium.ttf in Resources */ = {isa = PBXBuildFile; fileRef = 4B02557721BF5E8B0041615C /* Roboto-Medium.ttf */; };
		4B02559021BF5E8C0041615C /* Roboto-Medium.ttf in Resources */ = {isa = PBXBuildFile; fileRef = 4B02557721BF5E8B0041615C /* Roboto-Medium.ttf */; };
		4B02559121BF5E8C0041615C /* Roboto-Medium.ttf in Resources */ = {isa = PBXBuildFile; fileRef = 4B02557721BF5E8B0041615C /* Roboto-Medium.ttf */; };
		4B02559221BF5E8C0041615C /* Roboto-Thin.ttf in Resources */ = {isa = PBXBuildFile; fileRef = 4B02557821BF5E8B0041615C /* Roboto-Thin.ttf */; };
		4B02559321BF5E8C0041615C /* Roboto-Thin.ttf in Resources */ = {isa = PBXBuildFile; fileRef = 4B02557821BF5E8B0041615C /* Roboto-Thin.ttf */; };
		4B02559421BF5E8C0041615C /* Roboto-Thin.ttf in Resources */ = {isa = PBXBuildFile; fileRef = 4B02557821BF5E8B0041615C /* Roboto-Thin.ttf */; };
		4B02559521BF5E8C0041615C /* Roboto-ThinItalic.ttf in Resources */ = {isa = PBXBuildFile; fileRef = 4B02557921BF5E8B0041615C /* Roboto-ThinItalic.ttf */; };
		4B02559621BF5E8C0041615C /* Roboto-ThinItalic.ttf in Resources */ = {isa = PBXBuildFile; fileRef = 4B02557921BF5E8B0041615C /* Roboto-ThinItalic.ttf */; };
		4B02559721BF5E8C0041615C /* Roboto-ThinItalic.ttf in Resources */ = {isa = PBXBuildFile; fileRef = 4B02557921BF5E8B0041615C /* Roboto-ThinItalic.ttf */; };
		4B02559821BF5E8C0041615C /* Roboto-Light.ttf in Resources */ = {isa = PBXBuildFile; fileRef = 4B02557A21BF5E8B0041615C /* Roboto-Light.ttf */; };
		4B02559921BF5E8C0041615C /* Roboto-Light.ttf in Resources */ = {isa = PBXBuildFile; fileRef = 4B02557A21BF5E8B0041615C /* Roboto-Light.ttf */; };
		4B02559A21BF5E8C0041615C /* Roboto-Light.ttf in Resources */ = {isa = PBXBuildFile; fileRef = 4B02557A21BF5E8B0041615C /* Roboto-Light.ttf */; };
		4B02559B21BF5E8C0041615C /* Roboto-Italic.ttf in Resources */ = {isa = PBXBuildFile; fileRef = 4B02557B21BF5E8C0041615C /* Roboto-Italic.ttf */; };
		4B02559C21BF5E8C0041615C /* Roboto-Italic.ttf in Resources */ = {isa = PBXBuildFile; fileRef = 4B02557B21BF5E8C0041615C /* Roboto-Italic.ttf */; };
		4B02559D21BF5E8C0041615C /* Roboto-Italic.ttf in Resources */ = {isa = PBXBuildFile; fileRef = 4B02557B21BF5E8C0041615C /* Roboto-Italic.ttf */; };
		4B02559E21BF5E8C0041615C /* Roboto-Regular.ttf in Resources */ = {isa = PBXBuildFile; fileRef = 4B02557C21BF5E8C0041615C /* Roboto-Regular.ttf */; };
		4B02559F21BF5E8C0041615C /* Roboto-Regular.ttf in Resources */ = {isa = PBXBuildFile; fileRef = 4B02557C21BF5E8C0041615C /* Roboto-Regular.ttf */; };
		4B0255A021BF5E8C0041615C /* Roboto-Regular.ttf in Resources */ = {isa = PBXBuildFile; fileRef = 4B02557C21BF5E8C0041615C /* Roboto-Regular.ttf */; };
		4B034FC021E6EFBC009D9E91 /* GoogleService-Info.plist in Resources */ = {isa = PBXBuildFile; fileRef = 4B034FBF21E6EFBC009D9E91 /* GoogleService-Info.plist */; };
		4B03744F215A7E1F002A2ABE /* MainTabBarController.swift in Sources */ = {isa = PBXBuildFile; fileRef = 4B03744E215A7E1F002A2ABE /* MainTabBarController.swift */; };
		4B037452215A985A002A2ABE /* JobRequestView.xib in Resources */ = {isa = PBXBuildFile; fileRef = 4B037451215A985A002A2ABE /* JobRequestView.xib */; };
		4B037454215A987C002A2ABE /* JobRequestView.swift in Sources */ = {isa = PBXBuildFile; fileRef = 4B037453215A987C002A2ABE /* JobRequestView.swift */; };
		4B037456215AC40D002A2ABE /* UserProfileViewController.swift in Sources */ = {isa = PBXBuildFile; fileRef = 4B037455215AC40D002A2ABE /* UserProfileViewController.swift */; };
		4B037460215C0DD8002A2ABE /* JobRequestInteractor.swift in Sources */ = {isa = PBXBuildFile; fileRef = 4B03745C215C0DD8002A2ABE /* JobRequestInteractor.swift */; };
		4B037461215C0DD8002A2ABE /* JobRequestPresenter.swift in Sources */ = {isa = PBXBuildFile; fileRef = 4B03745D215C0DD8002A2ABE /* JobRequestPresenter.swift */; };
		4B037462215C0DD8002A2ABE /* JobRequestRouter.swift in Sources */ = {isa = PBXBuildFile; fileRef = 4B03745E215C0DD8002A2ABE /* JobRequestRouter.swift */; };
		4B037463215C0DD8002A2ABE /* JobRequestModels.swift in Sources */ = {isa = PBXBuildFile; fileRef = 4B03745F215C0DD8002A2ABE /* JobRequestModels.swift */; };
		4B037466215C0DE1002A2ABE /* JobRequestViewController.swift in Sources */ = {isa = PBXBuildFile; fileRef = 4B037464215C0DE1002A2ABE /* JobRequestViewController.swift */; };
		4B037467215C0DE1002A2ABE /* JobRequestWorker.swift in Sources */ = {isa = PBXBuildFile; fileRef = 4B037465215C0DE1002A2ABE /* JobRequestWorker.swift */; };
		4B037469215C0DE5002A2ABE /* JobResponseDataObject.swift in Sources */ = {isa = PBXBuildFile; fileRef = 4B037468215C0DE4002A2ABE /* JobResponseDataObject.swift */; };
		4B0545BD2182C0C000DC80CF /* UserDefaultHelper.swift in Sources */ = {isa = PBXBuildFile; fileRef = 4B0545BC2182C0C000DC80CF /* UserDefaultHelper.swift */; };
		4B0545BF2182CBAB00DC80CF /* MainNavigationController.swift in Sources */ = {isa = PBXBuildFile; fileRef = 4B0545BE2182CBAB00DC80CF /* MainNavigationController.swift */; };
		4B0D3DF6211186F900A9EE07 /* AppDelegate.swift in Sources */ = {isa = PBXBuildFile; fileRef = 4B0D3DF5211186F900A9EE07 /* AppDelegate.swift */; };
		4B0D3DFB211186F900A9EE07 /* Main.storyboard in Resources */ = {isa = PBXBuildFile; fileRef = 4B0D3DF9211186F900A9EE07 /* Main.storyboard */; };
		4B0D3DFD211186FB00A9EE07 /* Assets.xcassets in Resources */ = {isa = PBXBuildFile; fileRef = 4B0D3DFC211186FB00A9EE07 /* Assets.xcassets */; };
		4B0D3E00211186FB00A9EE07 /* LaunchScreen.storyboard in Resources */ = {isa = PBXBuildFile; fileRef = 4B0D3DFE211186FB00A9EE07 /* LaunchScreen.storyboard */; };
		4B0D3E0B211186FB00A9EE07 /* DriveTimeTests.swift in Sources */ = {isa = PBXBuildFile; fileRef = 4B0D3E0A211186FB00A9EE07 /* DriveTimeTests.swift */; };
		4B0D3E16211186FB00A9EE07 /* DriveTimeUITests.swift in Sources */ = {isa = PBXBuildFile; fileRef = 4B0D3E15211186FB00A9EE07 /* DriveTimeUITests.swift */; };
		4B0D3E292111871200A9EE07 /* LoginPresenter.swift in Sources */ = {isa = PBXBuildFile; fileRef = 4B0D3E232111871200A9EE07 /* LoginPresenter.swift */; };
		4B0D3E2A2111871200A9EE07 /* LoginWorker.swift in Sources */ = {isa = PBXBuildFile; fileRef = 4B0D3E242111871200A9EE07 /* LoginWorker.swift */; };
		4B0D3E2B2111871200A9EE07 /* LoginRouter.swift in Sources */ = {isa = PBXBuildFile; fileRef = 4B0D3E252111871200A9EE07 /* LoginRouter.swift */; };
		4B0D3E2C2111871200A9EE07 /* LoginModels.swift in Sources */ = {isa = PBXBuildFile; fileRef = 4B0D3E262111871200A9EE07 /* LoginModels.swift */; };
		4B0D3E2D2111871200A9EE07 /* LoginViewController.swift in Sources */ = {isa = PBXBuildFile; fileRef = 4B0D3E272111871200A9EE07 /* LoginViewController.swift */; };
		4B0D3E2E2111871200A9EE07 /* LoginInteractor.swift in Sources */ = {isa = PBXBuildFile; fileRef = 4B0D3E282111871200A9EE07 /* LoginInteractor.swift */; };
		4B174FC621515A990038355E /* UserProfileView.xib in Resources */ = {isa = PBXBuildFile; fileRef = 4B174FC521515A990038355E /* UserProfileView.xib */; };
		4B174FC821515AA70038355E /* UserProfileView.swift in Sources */ = {isa = PBXBuildFile; fileRef = 4B174FC721515AA70038355E /* UserProfileView.swift */; };
		4B35A8EC215D97BE004B0312 /* LoadingScreenUtils.swift in Sources */ = {isa = PBXBuildFile; fileRef = 4B35A8EB215D97BE004B0312 /* LoadingScreenUtils.swift */; };
		4B6C07E02112177F00EA55FA /* LoginDataObject.swift in Sources */ = {isa = PBXBuildFile; fileRef = 4B6C07DF2112177F00EA55FA /* LoginDataObject.swift */; };
		4B97489F212892B70034E932 /* SignUpPresenter.swift in Sources */ = {isa = PBXBuildFile; fileRef = 4B974899212892B70034E932 /* SignUpPresenter.swift */; };
		4B9748A0212892B70034E932 /* SignUpWorker.swift in Sources */ = {isa = PBXBuildFile; fileRef = 4B97489A212892B70034E932 /* SignUpWorker.swift */; };
		4B9748A1212892B70034E932 /* SignUpRouter.swift in Sources */ = {isa = PBXBuildFile; fileRef = 4B97489B212892B70034E932 /* SignUpRouter.swift */; };
		4B9748A2212892B70034E932 /* SignUpModels.swift in Sources */ = {isa = PBXBuildFile; fileRef = 4B97489C212892B70034E932 /* SignUpModels.swift */; };
		4B9748A3212892B70034E932 /* SignUpViewController.swift in Sources */ = {isa = PBXBuildFile; fileRef = 4B97489D212892B70034E932 /* SignUpViewController.swift */; };
		4B9748A4212892B70034E932 /* SignUpInteractor.swift in Sources */ = {isa = PBXBuildFile; fileRef = 4B97489E212892B70034E932 /* SignUpInteractor.swift */; };
		4BE3304F21513D7E00079DA7 /* LoginView.swift in Sources */ = {isa = PBXBuildFile; fileRef = 4BE3304E21513D7E00079DA7 /* LoginView.swift */; };
		4BE3305321513F7600079DA7 /* LoginView.xib in Resources */ = {isa = PBXBuildFile; fileRef = 4BE3305221513F7600079DA7 /* LoginView.xib */; };
		4E8660CAD17256294191428D /* Pods_DriveTimeTests.framework in Frameworks */ = {isa = PBXBuildFile; fileRef = 3F988B36F0308608E11833D9 /* Pods_DriveTimeTests.framework */; };
		B68994A4FCB55B7D45B021F0 /* Pods_DriveTimeUITests.framework in Frameworks */ = {isa = PBXBuildFile; fileRef = AD4247894DFA78252EF0D2C4 /* Pods_DriveTimeUITests.framework */; };
		D5A5F4F9814CD59FD08167E8 /* Pods_DriveTime.framework in Frameworks */ = {isa = PBXBuildFile; fileRef = 71A636F12C371F4E63A07776 /* Pods_DriveTime.framework */; };
/* End PBXBuildFile section */

/* Begin PBXContainerItemProxy section */
		4B0D3E07211186FB00A9EE07 /* PBXContainerItemProxy */ = {
			isa = PBXContainerItemProxy;
			containerPortal = 4B0D3DEA211186F900A9EE07 /* Project object */;
			proxyType = 1;
			remoteGlobalIDString = 4B0D3DF1211186F900A9EE07;
			remoteInfo = DriveTime;
		};
		4B0D3E12211186FB00A9EE07 /* PBXContainerItemProxy */ = {
			isa = PBXContainerItemProxy;
			containerPortal = 4B0D3DEA211186F900A9EE07 /* Project object */;
			proxyType = 1;
			remoteGlobalIDString = 4B0D3DF1211186F900A9EE07;
			remoteInfo = DriveTime;
		};
/* End PBXContainerItemProxy section */

/* Begin PBXFileReference section */
		1D228139B0C0D15599E09C82 /* Pods-DriveTimeTests.debug.xcconfig */ = {isa = PBXFileReference; includeInIndex = 1; lastKnownFileType = text.xcconfig; name = "Pods-DriveTimeTests.debug.xcconfig"; path = "Pods/Target Support Files/Pods-DriveTimeTests/Pods-DriveTimeTests.debug.xcconfig"; sourceTree = "<group>"; };
		3F988B36F0308608E11833D9 /* Pods_DriveTimeTests.framework */ = {isa = PBXFileReference; explicitFileType = wrapper.framework; includeInIndex = 0; path = Pods_DriveTimeTests.framework; sourceTree = BUILT_PRODUCTS_DIR; };
		4B02557121BF5E890041615C /* Roboto-BoldItalic.ttf */ = {isa = PBXFileReference; lastKnownFileType = file; path = "Roboto-BoldItalic.ttf"; sourceTree = "<group>"; };
		4B02557221BF5E890041615C /* Roboto-Black.ttf */ = {isa = PBXFileReference; lastKnownFileType = file; path = "Roboto-Black.ttf"; sourceTree = "<group>"; };
		4B02557321BF5E890041615C /* Roboto-Bold.ttf */ = {isa = PBXFileReference; lastKnownFileType = file; path = "Roboto-Bold.ttf"; sourceTree = "<group>"; };
		4B02557421BF5E890041615C /* Roboto-BlackItalic.ttf */ = {isa = PBXFileReference; lastKnownFileType = file; path = "Roboto-BlackItalic.ttf"; sourceTree = "<group>"; };
		4B02557521BF5E8A0041615C /* Roboto-MediumItalic.ttf */ = {isa = PBXFileReference; lastKnownFileType = file; path = "Roboto-MediumItalic.ttf"; sourceTree = "<group>"; };
		4B02557621BF5E8A0041615C /* Roboto-LightItalic.ttf */ = {isa = PBXFileReference; lastKnownFileType = file; path = "Roboto-LightItalic.ttf"; sourceTree = "<group>"; };
		4B02557721BF5E8B0041615C /* Roboto-Medium.ttf */ = {isa = PBXFileReference; lastKnownFileType = file; path = "Roboto-Medium.ttf"; sourceTree = "<group>"; };
		4B02557821BF5E8B0041615C /* Roboto-Thin.ttf */ = {isa = PBXFileReference; lastKnownFileType = file; path = "Roboto-Thin.ttf"; sourceTree = "<group>"; };
		4B02557921BF5E8B0041615C /* Roboto-ThinItalic.ttf */ = {isa = PBXFileReference; lastKnownFileType = file; path = "Roboto-ThinItalic.ttf"; sourceTree = "<group>"; };
		4B02557A21BF5E8B0041615C /* Roboto-Light.ttf */ = {isa = PBXFileReference; lastKnownFileType = file; path = "Roboto-Light.ttf"; sourceTree = "<group>"; };
		4B02557B21BF5E8C0041615C /* Roboto-Italic.ttf */ = {isa = PBXFileReference; lastKnownFileType = file; path = "Roboto-Italic.ttf"; sourceTree = "<group>"; };
		4B02557C21BF5E8C0041615C /* Roboto-Regular.ttf */ = {isa = PBXFileReference; lastKnownFileType = file; path = "Roboto-Regular.ttf"; sourceTree = "<group>"; };
		4B034FBF21E6EFBC009D9E91 /* GoogleService-Info.plist */ = {isa = PBXFileReference; fileEncoding = 4; lastKnownFileType = text.plist.xml; path = "GoogleService-Info.plist"; sourceTree = "<group>"; };
		4B03744E215A7E1F002A2ABE /* MainTabBarController.swift */ = {isa = PBXFileReference; lastKnownFileType = sourcecode.swift; path = MainTabBarController.swift; sourceTree = "<group>"; };
		4B037451215A985A002A2ABE /* JobRequestView.xib */ = {isa = PBXFileReference; lastKnownFileType = file.xib; path = JobRequestView.xib; sourceTree = "<group>"; };
		4B037453215A987C002A2ABE /* JobRequestView.swift */ = {isa = PBXFileReference; lastKnownFileType = sourcecode.swift; path = JobRequestView.swift; sourceTree = "<group>"; };
		4B037455215AC40D002A2ABE /* UserProfileViewController.swift */ = {isa = PBXFileReference; lastKnownFileType = sourcecode.swift; path = UserProfileViewController.swift; sourceTree = "<group>"; };
		4B03745C215C0DD8002A2ABE /* JobRequestInteractor.swift */ = {isa = PBXFileReference; fileEncoding = 4; lastKnownFileType = sourcecode.swift; path = JobRequestInteractor.swift; sourceTree = "<group>"; };
		4B03745D215C0DD8002A2ABE /* JobRequestPresenter.swift */ = {isa = PBXFileReference; fileEncoding = 4; lastKnownFileType = sourcecode.swift; path = JobRequestPresenter.swift; sourceTree = "<group>"; };
		4B03745E215C0DD8002A2ABE /* JobRequestRouter.swift */ = {isa = PBXFileReference; fileEncoding = 4; lastKnownFileType = sourcecode.swift; path = JobRequestRouter.swift; sourceTree = "<group>"; };
		4B03745F215C0DD8002A2ABE /* JobRequestModels.swift */ = {isa = PBXFileReference; fileEncoding = 4; lastKnownFileType = sourcecode.swift; path = JobRequestModels.swift; sourceTree = "<group>"; };
		4B037464215C0DE1002A2ABE /* JobRequestViewController.swift */ = {isa = PBXFileReference; fileEncoding = 4; lastKnownFileType = sourcecode.swift; path = JobRequestViewController.swift; sourceTree = "<group>"; };
		4B037465215C0DE1002A2ABE /* JobRequestWorker.swift */ = {isa = PBXFileReference; fileEncoding = 4; lastKnownFileType = sourcecode.swift; path = JobRequestWorker.swift; sourceTree = "<group>"; };
		4B037468215C0DE4002A2ABE /* JobResponseDataObject.swift */ = {isa = PBXFileReference; fileEncoding = 4; lastKnownFileType = sourcecode.swift; path = JobResponseDataObject.swift; sourceTree = "<group>"; };
		4B0545BC2182C0C000DC80CF /* UserDefaultHelper.swift */ = {isa = PBXFileReference; lastKnownFileType = sourcecode.swift; path = UserDefaultHelper.swift; sourceTree = "<group>"; };
		4B0545BE2182CBAB00DC80CF /* MainNavigationController.swift */ = {isa = PBXFileReference; lastKnownFileType = sourcecode.swift; path = MainNavigationController.swift; sourceTree = "<group>"; };
		4B0D3DF2211186F900A9EE07 /* DriveTime.app */ = {isa = PBXFileReference; explicitFileType = wrapper.application; includeInIndex = 0; path = DriveTime.app; sourceTree = BUILT_PRODUCTS_DIR; };
		4B0D3DF5211186F900A9EE07 /* AppDelegate.swift */ = {isa = PBXFileReference; lastKnownFileType = sourcecode.swift; path = AppDelegate.swift; sourceTree = "<group>"; };
		4B0D3DFA211186F900A9EE07 /* Base */ = {isa = PBXFileReference; lastKnownFileType = file.storyboard; name = Base; path = Base.lproj/Main.storyboard; sourceTree = "<group>"; };
		4B0D3DFC211186FB00A9EE07 /* Assets.xcassets */ = {isa = PBXFileReference; lastKnownFileType = folder.assetcatalog; path = Assets.xcassets; sourceTree = "<group>"; };
		4B0D3DFF211186FB00A9EE07 /* Base */ = {isa = PBXFileReference; lastKnownFileType = file.storyboard; name = Base; path = Base.lproj/LaunchScreen.storyboard; sourceTree = "<group>"; };
		4B0D3E01211186FB00A9EE07 /* Info.plist */ = {isa = PBXFileReference; lastKnownFileType = text.plist.xml; path = Info.plist; sourceTree = "<group>"; };
		4B0D3E06211186FB00A9EE07 /* DriveTimeTests.xctest */ = {isa = PBXFileReference; explicitFileType = wrapper.cfbundle; includeInIndex = 0; path = DriveTimeTests.xctest; sourceTree = BUILT_PRODUCTS_DIR; };
		4B0D3E0A211186FB00A9EE07 /* DriveTimeTests.swift */ = {isa = PBXFileReference; lastKnownFileType = sourcecode.swift; path = DriveTimeTests.swift; sourceTree = "<group>"; };
		4B0D3E0C211186FB00A9EE07 /* Info.plist */ = {isa = PBXFileReference; lastKnownFileType = text.plist.xml; path = Info.plist; sourceTree = "<group>"; };
		4B0D3E11211186FB00A9EE07 /* DriveTimeUITests.xctest */ = {isa = PBXFileReference; explicitFileType = wrapper.cfbundle; includeInIndex = 0; path = DriveTimeUITests.xctest; sourceTree = BUILT_PRODUCTS_DIR; };
		4B0D3E15211186FB00A9EE07 /* DriveTimeUITests.swift */ = {isa = PBXFileReference; lastKnownFileType = sourcecode.swift; path = DriveTimeUITests.swift; sourceTree = "<group>"; };
		4B0D3E17211186FB00A9EE07 /* Info.plist */ = {isa = PBXFileReference; lastKnownFileType = text.plist.xml; path = Info.plist; sourceTree = "<group>"; };
		4B0D3E232111871200A9EE07 /* LoginPresenter.swift */ = {isa = PBXFileReference; lastKnownFileType = sourcecode.swift; path = LoginPresenter.swift; sourceTree = "<group>"; };
		4B0D3E242111871200A9EE07 /* LoginWorker.swift */ = {isa = PBXFileReference; lastKnownFileType = sourcecode.swift; path = LoginWorker.swift; sourceTree = "<group>"; };
		4B0D3E252111871200A9EE07 /* LoginRouter.swift */ = {isa = PBXFileReference; lastKnownFileType = sourcecode.swift; path = LoginRouter.swift; sourceTree = "<group>"; };
		4B0D3E262111871200A9EE07 /* LoginModels.swift */ = {isa = PBXFileReference; lastKnownFileType = sourcecode.swift; path = LoginModels.swift; sourceTree = "<group>"; };
		4B0D3E272111871200A9EE07 /* LoginViewController.swift */ = {isa = PBXFileReference; lastKnownFileType = sourcecode.swift; path = LoginViewController.swift; sourceTree = "<group>"; };
		4B0D3E282111871200A9EE07 /* LoginInteractor.swift */ = {isa = PBXFileReference; lastKnownFileType = sourcecode.swift; path = LoginInteractor.swift; sourceTree = "<group>"; };
		4B174FC521515A990038355E /* UserProfileView.xib */ = {isa = PBXFileReference; lastKnownFileType = file.xib; path = UserProfileView.xib; sourceTree = "<group>"; };
		4B174FC721515AA70038355E /* UserProfileView.swift */ = {isa = PBXFileReference; lastKnownFileType = sourcecode.swift; path = UserProfileView.swift; sourceTree = "<group>"; };
		4B35A8EB215D97BE004B0312 /* LoadingScreenUtils.swift */ = {isa = PBXFileReference; lastKnownFileType = sourcecode.swift; path = LoadingScreenUtils.swift; sourceTree = "<group>"; };
		4B35A8EF215EBAC8004B0312 /* DriveTime.entitlements */ = {isa = PBXFileReference; lastKnownFileType = text.plist.entitlements; path = DriveTime.entitlements; sourceTree = "<group>"; };
		4B6C07DF2112177F00EA55FA /* LoginDataObject.swift */ = {isa = PBXFileReference; lastKnownFileType = sourcecode.swift; path = LoginDataObject.swift; sourceTree = "<group>"; };
		4B974899212892B70034E932 /* SignUpPresenter.swift */ = {isa = PBXFileReference; lastKnownFileType = sourcecode.swift; path = SignUpPresenter.swift; sourceTree = "<group>"; };
		4B97489A212892B70034E932 /* SignUpWorker.swift */ = {isa = PBXFileReference; lastKnownFileType = sourcecode.swift; path = SignUpWorker.swift; sourceTree = "<group>"; };
		4B97489B212892B70034E932 /* SignUpRouter.swift */ = {isa = PBXFileReference; lastKnownFileType = sourcecode.swift; path = SignUpRouter.swift; sourceTree = "<group>"; };
		4B97489C212892B70034E932 /* SignUpModels.swift */ = {isa = PBXFileReference; lastKnownFileType = sourcecode.swift; path = SignUpModels.swift; sourceTree = "<group>"; };
		4B97489D212892B70034E932 /* SignUpViewController.swift */ = {isa = PBXFileReference; lastKnownFileType = sourcecode.swift; path = SignUpViewController.swift; sourceTree = "<group>"; };
		4B97489E212892B70034E932 /* SignUpInteractor.swift */ = {isa = PBXFileReference; lastKnownFileType = sourcecode.swift; path = SignUpInteractor.swift; sourceTree = "<group>"; };
		4BE3304E21513D7E00079DA7 /* LoginView.swift */ = {isa = PBXFileReference; lastKnownFileType = sourcecode.swift; path = LoginView.swift; sourceTree = "<group>"; };
		4BE3305221513F7600079DA7 /* LoginView.xib */ = {isa = PBXFileReference; lastKnownFileType = file.xib; path = LoginView.xib; sourceTree = "<group>"; };
		71A636F12C371F4E63A07776 /* Pods_DriveTime.framework */ = {isa = PBXFileReference; explicitFileType = wrapper.framework; includeInIndex = 0; path = Pods_DriveTime.framework; sourceTree = BUILT_PRODUCTS_DIR; };
		8A34F65B8BE7AB6BB9553B5B /* Pods-DriveTimeTests.release.xcconfig */ = {isa = PBXFileReference; includeInIndex = 1; lastKnownFileType = text.xcconfig; name = "Pods-DriveTimeTests.release.xcconfig"; path = "Pods/Target Support Files/Pods-DriveTimeTests/Pods-DriveTimeTests.release.xcconfig"; sourceTree = "<group>"; };
		94A62C8025289787CB38276D /* Pods-DriveTime.debug.xcconfig */ = {isa = PBXFileReference; includeInIndex = 1; lastKnownFileType = text.xcconfig; name = "Pods-DriveTime.debug.xcconfig"; path = "Pods/Target Support Files/Pods-DriveTime/Pods-DriveTime.debug.xcconfig"; sourceTree = "<group>"; };
		A79638178B98A4877CDFCF16 /* Pods-DriveTimeUITests.release.xcconfig */ = {isa = PBXFileReference; includeInIndex = 1; lastKnownFileType = text.xcconfig; name = "Pods-DriveTimeUITests.release.xcconfig"; path = "Pods/Target Support Files/Pods-DriveTimeUITests/Pods-DriveTimeUITests.release.xcconfig"; sourceTree = "<group>"; };
		AD4247894DFA78252EF0D2C4 /* Pods_DriveTimeUITests.framework */ = {isa = PBXFileReference; explicitFileType = wrapper.framework; includeInIndex = 0; path = Pods_DriveTimeUITests.framework; sourceTree = BUILT_PRODUCTS_DIR; };
		C874CD992880B6FFB34B2C2C /* Pods-DriveTime.release.xcconfig */ = {isa = PBXFileReference; includeInIndex = 1; lastKnownFileType = text.xcconfig; name = "Pods-DriveTime.release.xcconfig"; path = "Pods/Target Support Files/Pods-DriveTime/Pods-DriveTime.release.xcconfig"; sourceTree = "<group>"; };
		F38B88146C8830B565947802 /* Pods-DriveTimeUITests.debug.xcconfig */ = {isa = PBXFileReference; includeInIndex = 1; lastKnownFileType = text.xcconfig; name = "Pods-DriveTimeUITests.debug.xcconfig"; path = "Pods/Target Support Files/Pods-DriveTimeUITests/Pods-DriveTimeUITests.debug.xcconfig"; sourceTree = "<group>"; };
/* End PBXFileReference section */

/* Begin PBXFrameworksBuildPhase section */
		4B0D3DEF211186F900A9EE07 /* Frameworks */ = {
			isa = PBXFrameworksBuildPhase;
			buildActionMask = 2147483647;
			files = (
				D5A5F4F9814CD59FD08167E8 /* Pods_DriveTime.framework in Frameworks */,
			);
			runOnlyForDeploymentPostprocessing = 0;
		};
		4B0D3E03211186FB00A9EE07 /* Frameworks */ = {
			isa = PBXFrameworksBuildPhase;
			buildActionMask = 2147483647;
			files = (
				4E8660CAD17256294191428D /* Pods_DriveTimeTests.framework in Frameworks */,
			);
			runOnlyForDeploymentPostprocessing = 0;
		};
		4B0D3E0E211186FB00A9EE07 /* Frameworks */ = {
			isa = PBXFrameworksBuildPhase;
			buildActionMask = 2147483647;
			files = (
				B68994A4FCB55B7D45B021F0 /* Pods_DriveTimeUITests.framework in Frameworks */,
			);
			runOnlyForDeploymentPostprocessing = 0;
		};
/* End PBXFrameworksBuildPhase section */

/* Begin PBXGroup section */
		4B02557021BF5E600041615C /* Fonts */ = {
			isa = PBXGroup;
			children = (
				4B02557221BF5E890041615C /* Roboto-Black.ttf */,
				4B02557421BF5E890041615C /* Roboto-BlackItalic.ttf */,
				4B02557321BF5E890041615C /* Roboto-Bold.ttf */,
				4B02557121BF5E890041615C /* Roboto-BoldItalic.ttf */,
				4B02557B21BF5E8C0041615C /* Roboto-Italic.ttf */,
				4B02557A21BF5E8B0041615C /* Roboto-Light.ttf */,
				4B02557621BF5E8A0041615C /* Roboto-LightItalic.ttf */,
				4B02557721BF5E8B0041615C /* Roboto-Medium.ttf */,
				4B02557521BF5E8A0041615C /* Roboto-MediumItalic.ttf */,
				4B02557C21BF5E8C0041615C /* Roboto-Regular.ttf */,
				4B02557821BF5E8B0041615C /* Roboto-Thin.ttf */,
				4B02557921BF5E8B0041615C /* Roboto-ThinItalic.ttf */,
			);
			path = Fonts;
			sourceTree = "<group>";
		};
		4B037450215A9845002A2ABE /* JobRequestCell */ = {
			isa = PBXGroup;
			children = (
				4B037451215A985A002A2ABE /* JobRequestView.xib */,
				4B037453215A987C002A2ABE /* JobRequestView.swift */,
			);
			path = JobRequestCell;
			sourceTree = "<group>";
		};
		4B03745B215C0DCA002A2ABE /* JobRequest */ = {
			isa = PBXGroup;
			children = (
				4B037468215C0DE4002A2ABE /* JobResponseDataObject.swift */,
				4B037464215C0DE1002A2ABE /* JobRequestViewController.swift */,
				4B037465215C0DE1002A2ABE /* JobRequestWorker.swift */,
				4B03745C215C0DD8002A2ABE /* JobRequestInteractor.swift */,
				4B03745F215C0DD8002A2ABE /* JobRequestModels.swift */,
				4B03745D215C0DD8002A2ABE /* JobRequestPresenter.swift */,
				4B03745E215C0DD8002A2ABE /* JobRequestRouter.swift */,
			);
			path = JobRequest;
			sourceTree = "<group>";
		};
		4B0D3DE9211186F900A9EE07 = {
			isa = PBXGroup;
			children = (
				4B0D3DF4211186F900A9EE07 /* DriveTime */,
				4B0D3E09211186FB00A9EE07 /* DriveTimeTests */,
				4B0D3E14211186FB00A9EE07 /* DriveTimeUITests */,
				4B0D3DF3211186F900A9EE07 /* Products */,
				FA12417EE251AB17B605C8A4 /* Pods */,
				57639BB1DBB4F1541B171B03 /* Frameworks */,
			);
			sourceTree = "<group>";
		};
		4B0D3DF3211186F900A9EE07 /* Products */ = {
			isa = PBXGroup;
			children = (
				4B0D3DF2211186F900A9EE07 /* DriveTime.app */,
				4B0D3E06211186FB00A9EE07 /* DriveTimeTests.xctest */,
				4B0D3E11211186FB00A9EE07 /* DriveTimeUITests.xctest */,
			);
			name = Products;
			sourceTree = "<group>";
		};
		4B0D3DF4211186F900A9EE07 /* DriveTime */ = {
			isa = PBXGroup;
			children = (
				4B034FBF21E6EFBC009D9E91 /* GoogleService-Info.plist */,
				4B02557021BF5E600041615C /* Fonts */,
				4B35A8EF215EBAC8004B0312 /* DriveTime.entitlements */,
				4BABFE592158AB080071B797 /* utils */,
				4BE3304B21513D5600079DA7 /* xib */,
				4B4E2E4A2154765E00D98808 /* UserProfile */,
				4B9748A5212892BF0034E932 /* Signup */,
				4B0D3E2F2111871B00A9EE07 /* Login */,
				4B0D3DF5211186F900A9EE07 /* AppDelegate.swift */,
				4B0D3DF9211186F900A9EE07 /* Main.storyboard */,
				4B0D3DFC211186FB00A9EE07 /* Assets.xcassets */,
				4B0D3DFE211186FB00A9EE07 /* LaunchScreen.storyboard */,
				4B0D3E01211186FB00A9EE07 /* Info.plist */,
				4B0545BC2182C0C000DC80CF /* UserDefaultHelper.swift */,
				4B0545BE2182CBAB00DC80CF /* MainNavigationController.swift */,
			);
			path = DriveTime;
			sourceTree = "<group>";
		};
		4B0D3E09211186FB00A9EE07 /* DriveTimeTests */ = {
			isa = PBXGroup;
			children = (
				4B0D3E0A211186FB00A9EE07 /* DriveTimeTests.swift */,
				4B0D3E0C211186FB00A9EE07 /* Info.plist */,
			);
			path = DriveTimeTests;
			sourceTree = "<group>";
		};
		4B0D3E14211186FB00A9EE07 /* DriveTimeUITests */ = {
			isa = PBXGroup;
			children = (
				4B0D3E15211186FB00A9EE07 /* DriveTimeUITests.swift */,
				4B0D3E17211186FB00A9EE07 /* Info.plist */,
			);
			path = DriveTimeUITests;
			sourceTree = "<group>";
		};
		4B0D3E2F2111871B00A9EE07 /* Login */ = {
			isa = PBXGroup;
			children = (
				4B0D3E232111871200A9EE07 /* LoginPresenter.swift */,
				4B0D3E242111871200A9EE07 /* LoginWorker.swift */,
				4B0D3E252111871200A9EE07 /* LoginRouter.swift */,
				4B0D3E262111871200A9EE07 /* LoginModels.swift */,
				4B0D3E272111871200A9EE07 /* LoginViewController.swift */,
				4B0D3E282111871200A9EE07 /* LoginInteractor.swift */,
				4B6C07DF2112177F00EA55FA /* LoginDataObject.swift */,
			);
			path = Login;
			sourceTree = "<group>";
		};
		4B174FC421515A8A0038355E /* LoginView */ = {
			isa = PBXGroup;
			children = (
				4BE3304E21513D7E00079DA7 /* LoginView.swift */,
				4BE3305221513F7600079DA7 /* LoginView.xib */,
			);
			path = LoginView;
			sourceTree = "<group>";
		};
		4B174FC921515B370038355E /* UserProfile */ = {
			isa = PBXGroup;
			children = (
				4B174FC521515A990038355E /* UserProfileView.xib */,
				4B174FC721515AA70038355E /* UserProfileView.swift */,
			);
			path = UserProfile;
			sourceTree = "<group>";
		};
		4B4E2E4A2154765E00D98808 /* UserProfile */ = {
			isa = PBXGroup;
			children = (
				4B03745B215C0DCA002A2ABE /* JobRequest */,
				4B9748B22129169C0034E932 /* UserProfile */,
				4B03744E215A7E1F002A2ABE /* MainTabBarController.swift */,
			);
			path = UserProfile;
			sourceTree = "<group>";
		};
		4B9748A5212892BF0034E932 /* Signup */ = {
			isa = PBXGroup;
			children = (
				4B974899212892B70034E932 /* SignUpPresenter.swift */,
				4B97489A212892B70034E932 /* SignUpWorker.swift */,
				4B97489B212892B70034E932 /* SignUpRouter.swift */,
				4B97489C212892B70034E932 /* SignUpModels.swift */,
				4B97489D212892B70034E932 /* SignUpViewController.swift */,
				4B97489E212892B70034E932 /* SignUpInteractor.swift */,
			);
			path = Signup;
			sourceTree = "<group>";
		};
		4B9748B22129169C0034E932 /* UserProfile */ = {
			isa = PBXGroup;
			children = (
				4B037455215AC40D002A2ABE /* UserProfileViewController.swift */,
			);
			path = UserProfile;
			sourceTree = "<group>";
		};
		4BABFE592158AB080071B797 /* utils */ = {
			isa = PBXGroup;
			children = (
				4B35A8EB215D97BE004B0312 /* LoadingScreenUtils.swift */,
			);
			path = utils;
			sourceTree = "<group>";
		};
		4BE3304B21513D5600079DA7 /* xib */ = {
			isa = PBXGroup;
			children = (
				4B037450215A9845002A2ABE /* JobRequestCell */,
				4B174FC421515A8A0038355E /* LoginView */,
				4B174FC921515B370038355E /* UserProfile */,
			);
			path = xib;
			sourceTree = "<group>";
		};
		57639BB1DBB4F1541B171B03 /* Frameworks */ = {
			isa = PBXGroup;
			children = (
				71A636F12C371F4E63A07776 /* Pods_DriveTime.framework */,
				3F988B36F0308608E11833D9 /* Pods_DriveTimeTests.framework */,
				AD4247894DFA78252EF0D2C4 /* Pods_DriveTimeUITests.framework */,
			);
			name = Frameworks;
			sourceTree = "<group>";
		};
		FA12417EE251AB17B605C8A4 /* Pods */ = {
			isa = PBXGroup;
			children = (
				94A62C8025289787CB38276D /* Pods-DriveTime.debug.xcconfig */,
				C874CD992880B6FFB34B2C2C /* Pods-DriveTime.release.xcconfig */,
				1D228139B0C0D15599E09C82 /* Pods-DriveTimeTests.debug.xcconfig */,
				8A34F65B8BE7AB6BB9553B5B /* Pods-DriveTimeTests.release.xcconfig */,
				F38B88146C8830B565947802 /* Pods-DriveTimeUITests.debug.xcconfig */,
				A79638178B98A4877CDFCF16 /* Pods-DriveTimeUITests.release.xcconfig */,
			);
			name = Pods;
			sourceTree = "<group>";
		};
/* End PBXGroup section */

/* Begin PBXNativeTarget section */
		4B0D3DF1211186F900A9EE07 /* DriveTime */ = {
			isa = PBXNativeTarget;
			buildConfigurationList = 4B0D3E1A211186FB00A9EE07 /* Build configuration list for PBXNativeTarget "DriveTime" */;
			buildPhases = (
				09568249A67DB7A625D61ED3 /* [CP] Check Pods Manifest.lock */,
				4B0D3DEE211186F900A9EE07 /* Sources */,
				4B0D3DEF211186F900A9EE07 /* Frameworks */,
				4B0D3DF0211186F900A9EE07 /* Resources */,
				D1C12EE72A53299D58D90CF8 /* [CP] Embed Pods Frameworks */,
			);
			buildRules = (
			);
			dependencies = (
			);
			name = DriveTime;
			productName = DriveTime;
			productReference = 4B0D3DF2211186F900A9EE07 /* DriveTime.app */;
			productType = "com.apple.product-type.application";
		};
		4B0D3E05211186FB00A9EE07 /* DriveTimeTests */ = {
			isa = PBXNativeTarget;
			buildConfigurationList = 4B0D3E1D211186FB00A9EE07 /* Build configuration list for PBXNativeTarget "DriveTimeTests" */;
			buildPhases = (
				18FEB8D7A512B9AE34B31529 /* [CP] Check Pods Manifest.lock */,
				4B0D3E02211186FB00A9EE07 /* Sources */,
				4B0D3E03211186FB00A9EE07 /* Frameworks */,
				4B0D3E04211186FB00A9EE07 /* Resources */,
			);
			buildRules = (
			);
			dependencies = (
				4B0D3E08211186FB00A9EE07 /* PBXTargetDependency */,
			);
			name = DriveTimeTests;
			productName = DriveTimeTests;
			productReference = 4B0D3E06211186FB00A9EE07 /* DriveTimeTests.xctest */;
			productType = "com.apple.product-type.bundle.unit-test";
		};
		4B0D3E10211186FB00A9EE07 /* DriveTimeUITests */ = {
			isa = PBXNativeTarget;
			buildConfigurationList = 4B0D3E20211186FB00A9EE07 /* Build configuration list for PBXNativeTarget "DriveTimeUITests" */;
			buildPhases = (
				CF345C5D2CB9BF84E70E1B08 /* [CP] Check Pods Manifest.lock */,
				4B0D3E0D211186FB00A9EE07 /* Sources */,
				4B0D3E0E211186FB00A9EE07 /* Frameworks */,
				4B0D3E0F211186FB00A9EE07 /* Resources */,
			);
			buildRules = (
			);
			dependencies = (
				4B0D3E13211186FB00A9EE07 /* PBXTargetDependency */,
			);
			name = DriveTimeUITests;
			productName = DriveTimeUITests;
			productReference = 4B0D3E11211186FB00A9EE07 /* DriveTimeUITests.xctest */;
			productType = "com.apple.product-type.bundle.ui-testing";
		};
/* End PBXNativeTarget section */

/* Begin PBXProject section */
		4B0D3DEA211186F900A9EE07 /* Project object */ = {
			isa = PBXProject;
			attributes = {
				LastSwiftUpdateCheck = 0940;
				LastUpgradeCheck = 0940;
				ORGANIZATIONNAME = "Wing Sun Cheung";
				TargetAttributes = {
					4B0D3DF1211186F900A9EE07 = {
						CreatedOnToolsVersion = 9.4.1;
						SystemCapabilities = {
							com.apple.Push = {
								enabled = 1;
							};
						};
					};
					4B0D3E05211186FB00A9EE07 = {
						CreatedOnToolsVersion = 9.4.1;
						TestTargetID = 4B0D3DF1211186F900A9EE07;
					};
					4B0D3E10211186FB00A9EE07 = {
						CreatedOnToolsVersion = 9.4.1;
						TestTargetID = 4B0D3DF1211186F900A9EE07;
					};
				};
			};
			buildConfigurationList = 4B0D3DED211186F900A9EE07 /* Build configuration list for PBXProject "DriveTime" */;
			compatibilityVersion = "Xcode 9.3";
			developmentRegion = en;
			hasScannedForEncodings = 0;
			knownRegions = (
				en,
				Base,
			);
			mainGroup = 4B0D3DE9211186F900A9EE07;
			productRefGroup = 4B0D3DF3211186F900A9EE07 /* Products */;
			projectDirPath = "";
			projectRoot = "";
			targets = (
				4B0D3DF1211186F900A9EE07 /* DriveTime */,
				4B0D3E05211186FB00A9EE07 /* DriveTimeTests */,
				4B0D3E10211186FB00A9EE07 /* DriveTimeUITests */,
			);
		};
/* End PBXProject section */

/* Begin PBXResourcesBuildPhase section */
		4B0D3DF0211186F900A9EE07 /* Resources */ = {
			isa = PBXResourcesBuildPhase;
			buildActionMask = 2147483647;
			files = (
				4B037452215A985A002A2ABE /* JobRequestView.xib in Resources */,
				4B02559B21BF5E8C0041615C /* Roboto-Italic.ttf in Resources */,
				4B0D3E00211186FB00A9EE07 /* LaunchScreen.storyboard in Resources */,
				4B034FC021E6EFBC009D9E91 /* GoogleService-Info.plist in Resources */,
				4B02558321BF5E8C0041615C /* Roboto-Bold.ttf in Resources */,
				4B02557D21BF5E8C0041615C /* Roboto-BoldItalic.ttf in Resources */,
				4B02558C21BF5E8C0041615C /* Roboto-LightItalic.ttf in Resources */,
				4B02558921BF5E8C0041615C /* Roboto-MediumItalic.ttf in Resources */,
				4B0D3DFD211186FB00A9EE07 /* Assets.xcassets in Resources */,
				4BE3305321513F7600079DA7 /* LoginView.xib in Resources */,
				4B02559221BF5E8C0041615C /* Roboto-Thin.ttf in Resources */,
				4B02558621BF5E8C0041615C /* Roboto-BlackItalic.ttf in Resources */,
				4B02558021BF5E8C0041615C /* Roboto-Black.ttf in Resources */,
				4B02558F21BF5E8C0041615C /* Roboto-Medium.ttf in Resources */,
				4B02559821BF5E8C0041615C /* Roboto-Light.ttf in Resources */,
				4B02559521BF5E8C0041615C /* Roboto-ThinItalic.ttf in Resources */,
				4B02559E21BF5E8C0041615C /* Roboto-Regular.ttf in Resources */,
				4B0D3DFB211186F900A9EE07 /* Main.storyboard in Resources */,
				4B174FC621515A990038355E /* UserProfileView.xib in Resources */,
			);
			runOnlyForDeploymentPostprocessing = 0;
		};
		4B0D3E04211186FB00A9EE07 /* Resources */ = {
			isa = PBXResourcesBuildPhase;
			buildActionMask = 2147483647;
			files = (
				4B02559321BF5E8C0041615C /* Roboto-Thin.ttf in Resources */,
				4B02557E21BF5E8C0041615C /* Roboto-BoldItalic.ttf in Resources */,
				4B02559921BF5E8C0041615C /* Roboto-Light.ttf in Resources */,
				4B02558A21BF5E8C0041615C /* Roboto-MediumItalic.ttf in Resources */,
				4B02558D21BF5E8C0041615C /* Roboto-LightItalic.ttf in Resources */,
				4B02559021BF5E8C0041615C /* Roboto-Medium.ttf in Resources */,
				4B02559F21BF5E8C0041615C /* Roboto-Regular.ttf in Resources */,
				4B02558121BF5E8C0041615C /* Roboto-Black.ttf in Resources */,
				4B02559621BF5E8C0041615C /* Roboto-ThinItalic.ttf in Resources */,
				4B02558421BF5E8C0041615C /* Roboto-Bold.ttf in Resources */,
				4B02559C21BF5E8C0041615C /* Roboto-Italic.ttf in Resources */,
				4B02558721BF5E8C0041615C /* Roboto-BlackItalic.ttf in Resources */,
			);
			runOnlyForDeploymentPostprocessing = 0;
		};
		4B0D3E0F211186FB00A9EE07 /* Resources */ = {
			isa = PBXResourcesBuildPhase;
			buildActionMask = 2147483647;
			files = (
				4B02559421BF5E8C0041615C /* Roboto-Thin.ttf in Resources */,
				4B02557F21BF5E8C0041615C /* Roboto-BoldItalic.ttf in Resources */,
				4B02559A21BF5E8C0041615C /* Roboto-Light.ttf in Resources */,
				4B02558B21BF5E8C0041615C /* Roboto-MediumItalic.ttf in Resources */,
				4B02558E21BF5E8C0041615C /* Roboto-LightItalic.ttf in Resources */,
				4B02559121BF5E8C0041615C /* Roboto-Medium.ttf in Resources */,
				4B0255A021BF5E8C0041615C /* Roboto-Regular.ttf in Resources */,
				4B02558221BF5E8C0041615C /* Roboto-Black.ttf in Resources */,
				4B02559721BF5E8C0041615C /* Roboto-ThinItalic.ttf in Resources */,
				4B02558521BF5E8C0041615C /* Roboto-Bold.ttf in Resources */,
				4B02559D21BF5E8C0041615C /* Roboto-Italic.ttf in Resources */,
				4B02558821BF5E8C0041615C /* Roboto-BlackItalic.ttf in Resources */,
			);
			runOnlyForDeploymentPostprocessing = 0;
		};
/* End PBXResourcesBuildPhase section */

/* Begin PBXShellScriptBuildPhase section */
		09568249A67DB7A625D61ED3 /* [CP] Check Pods Manifest.lock */ = {
			isa = PBXShellScriptBuildPhase;
			buildActionMask = 2147483647;
			files = (
			);
			inputPaths = (
				"${PODS_PODFILE_DIR_PATH}/Podfile.lock",
				"${PODS_ROOT}/Manifest.lock",
			);
			name = "[CP] Check Pods Manifest.lock";
			outputPaths = (
				"$(DERIVED_FILE_DIR)/Pods-DriveTime-checkManifestLockResult.txt",
			);
			runOnlyForDeploymentPostprocessing = 0;
			shellPath = /bin/sh;
			shellScript = "diff \"${PODS_PODFILE_DIR_PATH}/Podfile.lock\" \"${PODS_ROOT}/Manifest.lock\" > /dev/null\nif [ $? != 0 ] ; then\n    # print error to STDERR\n    echo \"error: The sandbox is not in sync with the Podfile.lock. Run 'pod install' or update your CocoaPods installation.\" >&2\n    exit 1\nfi\n# This output is used by Xcode 'outputs' to avoid re-running this script phase.\necho \"SUCCESS\" > \"${SCRIPT_OUTPUT_FILE_0}\"\n";
			showEnvVarsInLog = 0;
		};
		18FEB8D7A512B9AE34B31529 /* [CP] Check Pods Manifest.lock */ = {
			isa = PBXShellScriptBuildPhase;
			buildActionMask = 2147483647;
			files = (
			);
			inputPaths = (
				"${PODS_PODFILE_DIR_PATH}/Podfile.lock",
				"${PODS_ROOT}/Manifest.lock",
			);
			name = "[CP] Check Pods Manifest.lock";
			outputPaths = (
				"$(DERIVED_FILE_DIR)/Pods-DriveTimeTests-checkManifestLockResult.txt",
			);
			runOnlyForDeploymentPostprocessing = 0;
			shellPath = /bin/sh;
			shellScript = "diff \"${PODS_PODFILE_DIR_PATH}/Podfile.lock\" \"${PODS_ROOT}/Manifest.lock\" > /dev/null\nif [ $? != 0 ] ; then\n    # print error to STDERR\n    echo \"error: The sandbox is not in sync with the Podfile.lock. Run 'pod install' or update your CocoaPods installation.\" >&2\n    exit 1\nfi\n# This output is used by Xcode 'outputs' to avoid re-running this script phase.\necho \"SUCCESS\" > \"${SCRIPT_OUTPUT_FILE_0}\"\n";
			showEnvVarsInLog = 0;
		};
		CF345C5D2CB9BF84E70E1B08 /* [CP] Check Pods Manifest.lock */ = {
			isa = PBXShellScriptBuildPhase;
			buildActionMask = 2147483647;
			files = (
			);
			inputPaths = (
				"${PODS_PODFILE_DIR_PATH}/Podfile.lock",
				"${PODS_ROOT}/Manifest.lock",
			);
			name = "[CP] Check Pods Manifest.lock";
			outputPaths = (
				"$(DERIVED_FILE_DIR)/Pods-DriveTimeUITests-checkManifestLockResult.txt",
			);
			runOnlyForDeploymentPostprocessing = 0;
			shellPath = /bin/sh;
			shellScript = "diff \"${PODS_PODFILE_DIR_PATH}/Podfile.lock\" \"${PODS_ROOT}/Manifest.lock\" > /dev/null\nif [ $? != 0 ] ; then\n    # print error to STDERR\n    echo \"error: The sandbox is not in sync with the Podfile.lock. Run 'pod install' or update your CocoaPods installation.\" >&2\n    exit 1\nfi\n# This output is used by Xcode 'outputs' to avoid re-running this script phase.\necho \"SUCCESS\" > \"${SCRIPT_OUTPUT_FILE_0}\"\n";
			showEnvVarsInLog = 0;
		};
		D1C12EE72A53299D58D90CF8 /* [CP] Embed Pods Frameworks */ = {
			isa = PBXShellScriptBuildPhase;
			buildActionMask = 2147483647;
			files = (
			);
			inputPaths = (
				"${SRCROOT}/Pods/Target Support Files/Pods-DriveTime/Pods-DriveTime-frameworks.sh",
				"${BUILT_PRODUCTS_DIR}/Alamofire/Alamofire.framework",
				"${BUILT_PRODUCTS_DIR}/AlamofireObjectMapper/AlamofireObjectMapper.framework",
				"${BUILT_PRODUCTS_DIR}/Eureka/Eureka.framework",
				"${BUILT_PRODUCTS_DIR}/GoogleUtilities/GoogleUtilities.framework",
				"${BUILT_PRODUCTS_DIR}/ImageRow/ImageRow.framework",
				"${BUILT_PRODUCTS_DIR}/KeychainSwift/KeychainSwift.framework",
				"${BUILT_PRODUCTS_DIR}/NVActivityIndicatorView/NVActivityIndicatorView.framework",
				"${BUILT_PRODUCTS_DIR}/ObjectMapper/ObjectMapper.framework",
				"${BUILT_PRODUCTS_DIR}/Protobuf/Protobuf.framework",
				"${BUILT_PRODUCTS_DIR}/SwiftyBeaver/SwiftyBeaver.framework",
				"${BUILT_PRODUCTS_DIR}/TextFieldEffects/TextFieldEffects.framework",
				"${BUILT_PRODUCTS_DIR}/nanopb/nanopb.framework",
			);
			name = "[CP] Embed Pods Frameworks";
			outputPaths = (
				"${TARGET_BUILD_DIR}/${FRAMEWORKS_FOLDER_PATH}/Alamofire.framework",
				"${TARGET_BUILD_DIR}/${FRAMEWORKS_FOLDER_PATH}/AlamofireObjectMapper.framework",
				"${TARGET_BUILD_DIR}/${FRAMEWORKS_FOLDER_PATH}/Eureka.framework",
				"${TARGET_BUILD_DIR}/${FRAMEWORKS_FOLDER_PATH}/GoogleUtilities.framework",
				"${TARGET_BUILD_DIR}/${FRAMEWORKS_FOLDER_PATH}/ImageRow.framework",
				"${TARGET_BUILD_DIR}/${FRAMEWORKS_FOLDER_PATH}/KeychainSwift.framework",
				"${TARGET_BUILD_DIR}/${FRAMEWORKS_FOLDER_PATH}/NVActivityIndicatorView.framework",
				"${TARGET_BUILD_DIR}/${FRAMEWORKS_FOLDER_PATH}/ObjectMapper.framework",
				"${TARGET_BUILD_DIR}/${FRAMEWORKS_FOLDER_PATH}/Protobuf.framework",
				"${TARGET_BUILD_DIR}/${FRAMEWORKS_FOLDER_PATH}/SwiftyBeaver.framework",
				"${TARGET_BUILD_DIR}/${FRAMEWORKS_FOLDER_PATH}/TextFieldEffects.framework",
				"${TARGET_BUILD_DIR}/${FRAMEWORKS_FOLDER_PATH}/nanopb.framework",
			);
			runOnlyForDeploymentPostprocessing = 0;
			shellPath = /bin/sh;
			shellScript = "\"${SRCROOT}/Pods/Target Support Files/Pods-DriveTime/Pods-DriveTime-frameworks.sh\"\n";
			showEnvVarsInLog = 0;
		};
/* End PBXShellScriptBuildPhase section */

/* Begin PBXSourcesBuildPhase section */
		4B0D3DEE211186F900A9EE07 /* Sources */ = {
			isa = PBXSourcesBuildPhase;
			buildActionMask = 2147483647;
			files = (
				4B037454215A987C002A2ABE /* JobRequestView.swift in Sources */,
				4B037461215C0DD8002A2ABE /* JobRequestPresenter.swift in Sources */,
				4B0545BD2182C0C000DC80CF /* UserDefaultHelper.swift in Sources */,
				4B03744F215A7E1F002A2ABE /* MainTabBarController.swift in Sources */,
				4B97489F212892B70034E932 /* SignUpPresenter.swift in Sources */,
				4B0D3E2D2111871200A9EE07 /* LoginViewController.swift in Sources */,
				4B0D3E292111871200A9EE07 /* LoginPresenter.swift in Sources */,
				4B0D3DF6211186F900A9EE07 /* AppDelegate.swift in Sources */,
				4B0D3E2E2111871200A9EE07 /* LoginInteractor.swift in Sources */,
				4B9748A1212892B70034E932 /* SignUpRouter.swift in Sources */,
				4B037460215C0DD8002A2ABE /* JobRequestInteractor.swift in Sources */,
				4B037456215AC40D002A2ABE /* UserProfileViewController.swift in Sources */,
				4B0D3E2C2111871200A9EE07 /* LoginModels.swift in Sources */,
				4B037463215C0DD8002A2ABE /* JobRequestModels.swift in Sources */,
				4B35A8EC215D97BE004B0312 /* LoadingScreenUtils.swift in Sources */,
				4B0D3E2B2111871200A9EE07 /* LoginRouter.swift in Sources */,
				4B0D3E2A2111871200A9EE07 /* LoginWorker.swift in Sources */,
				4B6C07E02112177F00EA55FA /* LoginDataObject.swift in Sources */,
				4B9748A0212892B70034E932 /* SignUpWorker.swift in Sources */,
				4B037467215C0DE1002A2ABE /* JobRequestWorker.swift in Sources */,
				4B0545BF2182CBAB00DC80CF /* MainNavigationController.swift in Sources */,
				4B037462215C0DD8002A2ABE /* JobRequestRouter.swift in Sources */,
				4BE3304F21513D7E00079DA7 /* LoginView.swift in Sources */,
				4B174FC821515AA70038355E /* UserProfileView.swift in Sources */,
				4B037466215C0DE1002A2ABE /* JobRequestViewController.swift in Sources */,
				4B037469215C0DE5002A2ABE /* JobResponseDataObject.swift in Sources */,
				4B9748A3212892B70034E932 /* SignUpViewController.swift in Sources */,
				4B9748A4212892B70034E932 /* SignUpInteractor.swift in Sources */,
				4B9748A2212892B70034E932 /* SignUpModels.swift in Sources */,
			);
			runOnlyForDeploymentPostprocessing = 0;
		};
		4B0D3E02211186FB00A9EE07 /* Sources */ = {
			isa = PBXSourcesBuildPhase;
			buildActionMask = 2147483647;
			files = (
				4B0D3E0B211186FB00A9EE07 /* DriveTimeTests.swift in Sources */,
			);
			runOnlyForDeploymentPostprocessing = 0;
		};
		4B0D3E0D211186FB00A9EE07 /* Sources */ = {
			isa = PBXSourcesBuildPhase;
			buildActionMask = 2147483647;
			files = (
				4B0D3E16211186FB00A9EE07 /* DriveTimeUITests.swift in Sources */,
			);
			runOnlyForDeploymentPostprocessing = 0;
		};
/* End PBXSourcesBuildPhase section */

/* Begin PBXTargetDependency section */
		4B0D3E08211186FB00A9EE07 /* PBXTargetDependency */ = {
			isa = PBXTargetDependency;
			target = 4B0D3DF1211186F900A9EE07 /* DriveTime */;
			targetProxy = 4B0D3E07211186FB00A9EE07 /* PBXContainerItemProxy */;
		};
		4B0D3E13211186FB00A9EE07 /* PBXTargetDependency */ = {
			isa = PBXTargetDependency;
			target = 4B0D3DF1211186F900A9EE07 /* DriveTime */;
			targetProxy = 4B0D3E12211186FB00A9EE07 /* PBXContainerItemProxy */;
		};
/* End PBXTargetDependency section */

/* Begin PBXVariantGroup section */
		4B0D3DF9211186F900A9EE07 /* Main.storyboard */ = {
			isa = PBXVariantGroup;
			children = (
				4B0D3DFA211186F900A9EE07 /* Base */,
			);
			name = Main.storyboard;
			sourceTree = "<group>";
		};
		4B0D3DFE211186FB00A9EE07 /* LaunchScreen.storyboard */ = {
			isa = PBXVariantGroup;
			children = (
				4B0D3DFF211186FB00A9EE07 /* Base */,
			);
			name = LaunchScreen.storyboard;
			sourceTree = "<group>";
		};
/* End PBXVariantGroup section */

/* Begin XCBuildConfiguration section */
		4B0D3E18211186FB00A9EE07 /* Debug */ = {
			isa = XCBuildConfiguration;
			buildSettings = {
				ALWAYS_SEARCH_USER_PATHS = YES;
				CLANG_ANALYZER_NONNULL = YES;
				CLANG_ANALYZER_NUMBER_OBJECT_CONVERSION = YES_AGGRESSIVE;
				CLANG_CXX_LANGUAGE_STANDARD = "gnu++14";
				CLANG_CXX_LIBRARY = "libc++";
				CLANG_ENABLE_MODULES = YES;
				CLANG_ENABLE_OBJC_ARC = YES;
				CLANG_ENABLE_OBJC_WEAK = YES;
				CLANG_WARN_BLOCK_CAPTURE_AUTORELEASING = YES;
				CLANG_WARN_BOOL_CONVERSION = YES;
				CLANG_WARN_COMMA = YES;
				CLANG_WARN_CONSTANT_CONVERSION = YES;
				CLANG_WARN_DEPRECATED_OBJC_IMPLEMENTATIONS = YES;
				CLANG_WARN_DIRECT_OBJC_ISA_USAGE = YES_ERROR;
				CLANG_WARN_DOCUMENTATION_COMMENTS = YES;
				CLANG_WARN_EMPTY_BODY = YES;
				CLANG_WARN_ENUM_CONVERSION = YES;
				CLANG_WARN_INFINITE_RECURSION = YES;
				CLANG_WARN_INT_CONVERSION = YES;
				CLANG_WARN_NON_LITERAL_NULL_CONVERSION = YES;
				CLANG_WARN_OBJC_IMPLICIT_RETAIN_SELF = YES;
				CLANG_WARN_OBJC_LITERAL_CONVERSION = YES;
				CLANG_WARN_OBJC_ROOT_CLASS = YES_ERROR;
				CLANG_WARN_RANGE_LOOP_ANALYSIS = YES;
				CLANG_WARN_STRICT_PROTOTYPES = YES;
				CLANG_WARN_SUSPICIOUS_MOVE = YES;
				CLANG_WARN_UNGUARDED_AVAILABILITY = YES_AGGRESSIVE;
				CLANG_WARN_UNREACHABLE_CODE = YES;
				CLANG_WARN__DUPLICATE_METHOD_MATCH = YES;
				CODE_SIGN_IDENTITY = "iPhone Developer";
				COPY_PHASE_STRIP = NO;
				DEBUG_INFORMATION_FORMAT = dwarf;
				ENABLE_STRICT_OBJC_MSGSEND = YES;
				ENABLE_TESTABILITY = YES;
				GCC_C_LANGUAGE_STANDARD = gnu11;
				GCC_DYNAMIC_NO_PIC = NO;
				GCC_NO_COMMON_BLOCKS = YES;
				GCC_OPTIMIZATION_LEVEL = 0;
				GCC_PREPROCESSOR_DEFINITIONS = (
					"DEBUG=1",
					"$(inherited)",
				);
				GCC_WARN_64_TO_32_BIT_CONVERSION = YES;
				GCC_WARN_ABOUT_RETURN_TYPE = YES_ERROR;
				GCC_WARN_UNDECLARED_SELECTOR = YES;
				GCC_WARN_UNINITIALIZED_AUTOS = YES_AGGRESSIVE;
				GCC_WARN_UNUSED_FUNCTION = YES;
				GCC_WARN_UNUSED_VARIABLE = YES;
				IPHONEOS_DEPLOYMENT_TARGET = 11.0;
				MTL_ENABLE_DEBUG_INFO = YES;
				ONLY_ACTIVE_ARCH = YES;
				SDKROOT = iphoneos;
				SWIFT_ACTIVE_COMPILATION_CONDITIONS = DEBUG;
				SWIFT_OPTIMIZATION_LEVEL = "-Onone";
			};
			name = Debug;
		};
		4B0D3E19211186FB00A9EE07 /* Release */ = {
			isa = XCBuildConfiguration;
			buildSettings = {
				ALWAYS_SEARCH_USER_PATHS = YES;
				CLANG_ANALYZER_NONNULL = YES;
				CLANG_ANALYZER_NUMBER_OBJECT_CONVERSION = YES_AGGRESSIVE;
				CLANG_CXX_LANGUAGE_STANDARD = "gnu++14";
				CLANG_CXX_LIBRARY = "libc++";
				CLANG_ENABLE_MODULES = YES;
				CLANG_ENABLE_OBJC_ARC = YES;
				CLANG_ENABLE_OBJC_WEAK = YES;
				CLANG_WARN_BLOCK_CAPTURE_AUTORELEASING = YES;
				CLANG_WARN_BOOL_CONVERSION = YES;
				CLANG_WARN_COMMA = YES;
				CLANG_WARN_CONSTANT_CONVERSION = YES;
				CLANG_WARN_DEPRECATED_OBJC_IMPLEMENTATIONS = YES;
				CLANG_WARN_DIRECT_OBJC_ISA_USAGE = YES_ERROR;
				CLANG_WARN_DOCUMENTATION_COMMENTS = YES;
				CLANG_WARN_EMPTY_BODY = YES;
				CLANG_WARN_ENUM_CONVERSION = YES;
				CLANG_WARN_INFINITE_RECURSION = YES;
				CLANG_WARN_INT_CONVERSION = YES;
				CLANG_WARN_NON_LITERAL_NULL_CONVERSION = YES;
				CLANG_WARN_OBJC_IMPLICIT_RETAIN_SELF = YES;
				CLANG_WARN_OBJC_LITERAL_CONVERSION = YES;
				CLANG_WARN_OBJC_ROOT_CLASS = YES_ERROR;
				CLANG_WARN_RANGE_LOOP_ANALYSIS = YES;
				CLANG_WARN_STRICT_PROTOTYPES = YES;
				CLANG_WARN_SUSPICIOUS_MOVE = YES;
				CLANG_WARN_UNGUARDED_AVAILABILITY = YES_AGGRESSIVE;
				CLANG_WARN_UNREACHABLE_CODE = YES;
				CLANG_WARN__DUPLICATE_METHOD_MATCH = YES;
				CODE_SIGN_IDENTITY = "iPhone Developer";
				COPY_PHASE_STRIP = NO;
				DEBUG_INFORMATION_FORMAT = "dwarf-with-dsym";
				ENABLE_NS_ASSERTIONS = NO;
				ENABLE_STRICT_OBJC_MSGSEND = YES;
				GCC_C_LANGUAGE_STANDARD = gnu11;
				GCC_NO_COMMON_BLOCKS = YES;
				GCC_WARN_64_TO_32_BIT_CONVERSION = YES;
				GCC_WARN_ABOUT_RETURN_TYPE = YES_ERROR;
				GCC_WARN_UNDECLARED_SELECTOR = YES;
				GCC_WARN_UNINITIALIZED_AUTOS = YES_AGGRESSIVE;
				GCC_WARN_UNUSED_FUNCTION = YES;
				GCC_WARN_UNUSED_VARIABLE = YES;
				IPHONEOS_DEPLOYMENT_TARGET = 11.0;
				MTL_ENABLE_DEBUG_INFO = NO;
				SDKROOT = iphoneos;
				SWIFT_COMPILATION_MODE = wholemodule;
				SWIFT_OPTIMIZATION_LEVEL = "-O";
				VALIDATE_PRODUCT = YES;
			};
			name = Release;
		};
		4B0D3E1B211186FB00A9EE07 /* Debug */ = {
			isa = XCBuildConfiguration;
			baseConfigurationReference = 94A62C8025289787CB38276D /* Pods-DriveTime.debug.xcconfig */;
			buildSettings = {
				ASSETCATALOG_COMPILER_APPICON_NAME = AppIcon;
				CODE_SIGN_ENTITLEMENTS = DriveTime/DriveTime.entitlements;
				CODE_SIGN_IDENTITY = "iPhone Developer";
				CODE_SIGN_STYLE = Automatic;
				DEVELOPMENT_TEAM = AJ8S9UW9R5;
				INFOPLIST_FILE = DriveTime/Info.plist;
				LD_RUNPATH_SEARCH_PATHS = (
					"$(inherited)",
					"@executable_path/Frameworks",
				);
				PRODUCT_BUNDLE_IDENTIFIER = com.aleph.DriveTime;
				PRODUCT_NAME = "$(TARGET_NAME)";
				PROVISIONING_PROFILE_SPECIFIER = "";
				SWIFT_VERSION = 4.0;
				TARGETED_DEVICE_FAMILY = "1,2";
			};
			name = Debug;
		};
		4B0D3E1C211186FB00A9EE07 /* Release */ = {
			isa = XCBuildConfiguration;
			baseConfigurationReference = C874CD992880B6FFB34B2C2C /* Pods-DriveTime.release.xcconfig */;
			buildSettings = {
				ASSETCATALOG_COMPILER_APPICON_NAME = AppIcon;
				CODE_SIGN_ENTITLEMENTS = DriveTime/DriveTime.entitlements;
				CODE_SIGN_IDENTITY = "iPhone Developer";
				CODE_SIGN_STYLE = Automatic;
				DEVELOPMENT_TEAM = AJ8S9UW9R5;
				INFOPLIST_FILE = DriveTime/Info.plist;
				LD_RUNPATH_SEARCH_PATHS = (
					"$(inherited)",
					"@executable_path/Frameworks",
				);
				PRODUCT_BUNDLE_IDENTIFIER = com.aleph.DriveTime;
				PRODUCT_NAME = "$(TARGET_NAME)";
				PROVISIONING_PROFILE_SPECIFIER = "";
				SWIFT_VERSION = 4.0;
				TARGETED_DEVICE_FAMILY = "1,2";
			};
			name = Release;
		};
		4B0D3E1E211186FB00A9EE07 /* Debug */ = {
			isa = XCBuildConfiguration;
			baseConfigurationReference = 1D228139B0C0D15599E09C82 /* Pods-DriveTimeTests.debug.xcconfig */;
			buildSettings = {
				ALWAYS_EMBED_SWIFT_STANDARD_LIBRARIES = YES;
				BUNDLE_LOADER = "$(TEST_HOST)";
				CODE_SIGN_STYLE = Automatic;
				DEVELOPMENT_TEAM = AJ8S9UW9R5;
				INFOPLIST_FILE = DriveTimeTests/Info.plist;
				LD_RUNPATH_SEARCH_PATHS = (
					"$(inherited)",
					"@executable_path/Frameworks",
					"@loader_path/Frameworks",
				);
				PRODUCT_BUNDLE_IDENTIFIER = test.DriveTimeTests;
				PRODUCT_NAME = "$(TARGET_NAME)";
				SWIFT_VERSION = 4.0;
				TARGETED_DEVICE_FAMILY = "1,2";
				TEST_HOST = "$(BUILT_PRODUCTS_DIR)/DriveTime.app/DriveTime";
			};
			name = Debug;
		};
		4B0D3E1F211186FB00A9EE07 /* Release */ = {
			isa = XCBuildConfiguration;
			baseConfigurationReference = 8A34F65B8BE7AB6BB9553B5B /* Pods-DriveTimeTests.release.xcconfig */;
			buildSettings = {
				ALWAYS_EMBED_SWIFT_STANDARD_LIBRARIES = YES;
				BUNDLE_LOADER = "$(TEST_HOST)";
				CODE_SIGN_STYLE = Automatic;
				DEVELOPMENT_TEAM = AJ8S9UW9R5;
				INFOPLIST_FILE = DriveTimeTests/Info.plist;
				LD_RUNPATH_SEARCH_PATHS = (
					"$(inherited)",
					"@executable_path/Frameworks",
					"@loader_path/Frameworks",
				);
				PRODUCT_BUNDLE_IDENTIFIER = test.DriveTimeTests;
				PRODUCT_NAME = "$(TARGET_NAME)";
				SWIFT_VERSION = 4.0;
				TARGETED_DEVICE_FAMILY = "1,2";
				TEST_HOST = "$(BUILT_PRODUCTS_DIR)/DriveTime.app/DriveTime";
			};
			name = Release;
		};
		4B0D3E21211186FB00A9EE07 /* Debug */ = {
			isa = XCBuildConfiguration;
			baseConfigurationReference = F38B88146C8830B565947802 /* Pods-DriveTimeUITests.debug.xcconfig */;
			buildSettings = {
				ALWAYS_EMBED_SWIFT_STANDARD_LIBRARIES = YES;
				CODE_SIGN_STYLE = Automatic;
				DEVELOPMENT_TEAM = AJ8S9UW9R5;
				INFOPLIST_FILE = DriveTimeUITests/Info.plist;
				LD_RUNPATH_SEARCH_PATHS = (
					"$(inherited)",
					"@executable_path/Frameworks",
					"@loader_path/Frameworks",
				);
				PRODUCT_BUNDLE_IDENTIFIER = test.DriveTimeUITests;
				PRODUCT_NAME = "$(TARGET_NAME)";
				SWIFT_VERSION = 4.0;
				TARGETED_DEVICE_FAMILY = "1,2";
				TEST_TARGET_NAME = DriveTime;
			};
			name = Debug;
		};
		4B0D3E22211186FB00A9EE07 /* Release */ = {
			isa = XCBuildConfiguration;
			baseConfigurationReference = A79638178B98A4877CDFCF16 /* Pods-DriveTimeUITests.release.xcconfig */;
			buildSettings = {
				ALWAYS_EMBED_SWIFT_STANDARD_LIBRARIES = YES;
				CODE_SIGN_STYLE = Automatic;
				DEVELOPMENT_TEAM = AJ8S9UW9R5;
				INFOPLIST_FILE = DriveTimeUITests/Info.plist;
				LD_RUNPATH_SEARCH_PATHS = (
					"$(inherited)",
					"@executable_path/Frameworks",
					"@loader_path/Frameworks",
				);
				PRODUCT_BUNDLE_IDENTIFIER = test.DriveTimeUITests;
				PRODUCT_NAME = "$(TARGET_NAME)";
				SWIFT_VERSION = 4.0;
				TARGETED_DEVICE_FAMILY = "1,2";
				TEST_TARGET_NAME = DriveTime;
			};
			name = Release;
		};
/* End XCBuildConfiguration section */

/* Begin XCConfigurationList section */
		4B0D3DED211186F900A9EE07 /* Build configuration list for PBXProject "DriveTime" */ = {
			isa = XCConfigurationList;
			buildConfigurations = (
				4B0D3E18211186FB00A9EE07 /* Debug */,
				4B0D3E19211186FB00A9EE07 /* Release */,
			);
			defaultConfigurationIsVisible = 0;
			defaultConfigurationName = Release;
		};
		4B0D3E1A211186FB00A9EE07 /* Build configuration list for PBXNativeTarget "DriveTime" */ = {
			isa = XCConfigurationList;
			buildConfigurations = (
				4B0D3E1B211186FB00A9EE07 /* Debug */,
				4B0D3E1C211186FB00A9EE07 /* Release */,
			);
			defaultConfigurationIsVisible = 0;
			defaultConfigurationName = Release;
		};
		4B0D3E1D211186FB00A9EE07 /* Build configuration list for PBXNativeTarget "DriveTimeTests" */ = {
			isa = XCConfigurationList;
			buildConfigurations = (
				4B0D3E1E211186FB00A9EE07 /* Debug */,
				4B0D3E1F211186FB00A9EE07 /* Release */,
			);
			defaultConfigurationIsVisible = 0;
			defaultConfigurationName = Release;
		};
		4B0D3E20211186FB00A9EE07 /* Build configuration list for PBXNativeTarget "DriveTimeUITests" */ = {
			isa = XCConfigurationList;
			buildConfigurations = (
				4B0D3E21211186FB00A9EE07 /* Debug */,
				4B0D3E22211186FB00A9EE07 /* Release */,
			);
			defaultConfigurationIsVisible = 0;
			defaultConfigurationName = Release;
		};
/* End XCConfigurationList section */
	};
	rootObject = 4B0D3DEA211186F900A9EE07 /* Project object */;
}
